
Microsoft Visual Studio Solution File, Format Version 12.00
# Visual Studio Version 17
VisualStudioVersion = 17.2.32516.85
MinimumVisualStudioVersion = 10.0.40219.1
Project("{9A19103F-16F7-4668-BE54-9A1E7A4F7556}") = "Core", "Core.csproj", "{119DF440-6723-48E6-B3F0-705306D6E459}"
EndProject
Global
	GlobalSection(SolutionConfigurationPlatforms) = preSolution
		Debug|Any CPU = Debug|Any CPU
		Release|Any CPU = Release|Any CPU
	EndGlobalSection
	GlobalSection(ProjectConfigurationPlatforms) = postSolution
		{119DF440-6723-48E6-B3F0-705306D6E459}.Debug|Any CPU.ActiveCfg = Debug|Any CPU
		{119DF440-6723-48E6-B3F0-705306D6E459}.Debug|Any CPU.Build.0 = Debug|Any CPU
		{119DF440-6723-48E6-B3F0-705306D6E459}.Release|Any CPU.ActiveCfg = Release|Any CPU
		{119DF440-6723-48E6-B3F0-705306D6E459}.Release|Any CPU.Build.0 = Release|Any CPU
	EndGlobalSection
	GlobalSection(SolutionProperties) = preSolution
		HideSolutionNode = FALSE
	EndGlobalSection
	GlobalSection(ExtensibilityGlobals) = postSolution
		SolutionGuid = {D0E69070-A9E5-4D59-B2FE-900AE40C5882}
	EndGlobalSection
EndGlobal
